// !$*UTF8*$!
{
	archiveVersion = 1;
	classes = {
	};
	objectVersion = 50;
	objects = {

/* Begin PBXBuildFile section */
		E750498E26131A6C0011E172 /* AppDelegate.swift in Sources */ = {isa = PBXBuildFile; fileRef = E750498D26131A6C0011E172 /* AppDelegate.swift */; };
		E750499026131A6C0011E172 /* SceneDelegate.swift in Sources */ = {isa = PBXBuildFile; fileRef = E750498F26131A6C0011E172 /* SceneDelegate.swift */; };
		E750499226131A6C0011E172 /* ViewController.swift in Sources */ = {isa = PBXBuildFile; fileRef = E750499126131A6C0011E172 /* ViewController.swift */; };
		E750499726131A6D0011E172 /* Assets.xcassets in Resources */ = {isa = PBXBuildFile; fileRef = E750499626131A6D0011E172 /* Assets.xcassets */; };
		E750499A26131A6D0011E172 /* LaunchScreen.storyboard in Resources */ = {isa = PBXBuildFile; fileRef = E750499826131A6D0011E172 /* LaunchScreen.storyboard */; };
		E75049EC2613401B0011E172 /* APICaller.swift in Sources */ = {isa = PBXBuildFile; fileRef = E75049EB2613401B0011E172 /* APICaller.swift */; };
		E75049F1261340D00011E172 /* GoldPrice.swift in Sources */ = {isa = PBXBuildFile; fileRef = E75049F0261340D00011E172 /* GoldPrice.swift */; };
/* End PBXBuildFile section */

/* Begin PBXFileReference section */
		E750498A26131A6C0011E172 /* GoldPrice.app */ = {isa = PBXFileReference; explicitFileType = wrapper.application; includeInIndex = 0; path = GoldPrice.app; sourceTree = BUILT_PRODUCTS_DIR; };
		E750498D26131A6C0011E172 /* AppDelegate.swift */ = {isa = PBXFileReference; lastKnownFileType = sourcecode.swift; path = AppDelegate.swift; sourceTree = "<group>"; };
		E750498F26131A6C0011E172 /* SceneDelegate.swift */ = {isa = PBXFileReference; lastKnownFileType = sourcecode.swift; path = SceneDelegate.swift; sourceTree = "<group>"; };
		E750499126131A6C0011E172 /* ViewController.swift */ = {isa = PBXFileReference; lastKnownFileType = sourcecode.swift; path = ViewController.swift; sourceTree = "<group>"; };
		E750499626131A6D0011E172 /* Assets.xcassets */ = {isa = PBXFileReference; lastKnownFileType = folder.assetcatalog; path = Assets.xcassets; sourceTree = "<group>"; };
		E750499926131A6D0011E172 /* Base */ = {isa = PBXFileReference; lastKnownFileType = file.storyboard; name = Base; path = Base.lproj/LaunchScreen.storyboard; sourceTree = "<group>"; };
		E750499B26131A6D0011E172 /* Info.plist */ = {isa = PBXFileReference; lastKnownFileType = text.plist.xml; path = Info.plist; sourceTree = "<group>"; };
		E75049EB2613401B0011E172 /* APICaller.swift */ = {isa = PBXFileReference; lastKnownFileType = sourcecode.swift; path = APICaller.swift; sourceTree = "<group>"; };
		E75049F0261340D00011E172 /* GoldPrice.swift */ = {isa = PBXFileReference; lastKnownFileType = sourcecode.swift; path = GoldPrice.swift; sourceTree = "<group>"; };
/* End PBXFileReference section */

/* Begin PBXFrameworksBuildPhase section */
		E750498726131A6C0011E172 /* Frameworks */ = {
			isa = PBXFrameworksBuildPhase;
			buildActionMask = 2147483647;
			files = (
			);
			runOnlyForDeploymentPostprocessing = 0;
		};
/* End PBXFrameworksBuildPhase section */

/* Begin PBXGroup section */
		E750498126131A6C0011E172 = {
			isa = PBXGroup;
			children = (
				E750498C26131A6C0011E172 /* GoldPrice */,
				E750498B26131A6C0011E172 /* Products */,
			);
			sourceTree = "<group>";
		};
		E750498B26131A6C0011E172 /* Products */ = {
			isa = PBXGroup;
			children = (
				E750498A26131A6C0011E172 /* GoldPrice.app */,
			);
			name = Products;
			sourceTree = "<group>";
		};
		E750498C26131A6C0011E172 /* GoldPrice */ = {
			isa = PBXGroup;
			children = (
				E75049EA261340090011E172 /* Managers */,
				E75049AF2613237F0011E172 /* Models */,
				E75049A626131BB20011E172 /* Resources */,
				E75049AE261323720011E172 /* Controllers */,
				E750499826131A6D0011E172 /* LaunchScreen.storyboard */,
				E750499B26131A6D0011E172 /* Info.plist */,
			);
			path = GoldPrice;
			sourceTree = "<group>";
		};
		E75049A626131BB20011E172 /* Resources */ = {
			isa = PBXGroup;
			children = (
				E750498D26131A6C0011E172 /* AppDelegate.swift */,
				E750498F26131A6C0011E172 /* SceneDelegate.swift */,
				E750499626131A6D0011E172 /* Assets.xcassets */,
			);
			path = Resources;
			sourceTree = "<group>";
		};
		E75049AE261323720011E172 /* Controllers */ = {
			isa = PBXGroup;
			children = (
				E750499126131A6C0011E172 /* ViewController.swift */,
			);
			path = Controllers;
			sourceTree = "<group>";
		};
		E75049AF2613237F0011E172 /* Models */ = {
			isa = PBXGroup;
			children = (
				E75049F0261340D00011E172 /* GoldPrice.swift */,
			);
			path = Models;
			sourceTree = "<group>";
		};
		E75049EA261340090011E172 /* Managers */ = {
			isa = PBXGroup;
			children = (
				E75049EB2613401B0011E172 /* APICaller.swift */,
			);
			path = Managers;
			sourceTree = "<group>";
		};
/* End PBXGroup section */

/* Begin PBXNativeTarget section */
		E750498926131A6C0011E172 /* GoldPrice */ = {
			isa = PBXNativeTarget;
			buildConfigurationList = E750499E26131A6D0011E172 /* Build configuration list for PBXNativeTarget "GoldPrice" */;
			buildPhases = (
				E750498626131A6C0011E172 /* Sources */,
				E750498726131A6C0011E172 /* Frameworks */,
				E750498826131A6C0011E172 /* Resources */,
			);
			buildRules = (
			);
			dependencies = (
			);
			name = GoldPrice;
			productName = GoldPrice;
			productReference = E750498A26131A6C0011E172 /* GoldPrice.app */;
			productType = "com.apple.product-type.application";
		};
/* End PBXNativeTarget section */

/* Begin PBXProject section */
		E750498226131A6C0011E172 /* Project object */ = {
			isa = PBXProject;
			attributes = {
				LastSwiftUpdateCheck = 1220;
				LastUpgradeCheck = 1220;
				TargetAttributes = {
					E750498926131A6C0011E172 = {
						CreatedOnToolsVersion = 12.2;
					};
				};
			};
			buildConfigurationList = E750498526131A6C0011E172 /* Build configuration list for PBXProject "GoldPrice" */;
			compatibilityVersion = "Xcode 9.3";
			developmentRegion = en;
			hasScannedForEncodings = 0;
			knownRegions = (
				en,
				Base,
			);
			mainGroup = E750498126131A6C0011E172;
			productRefGroup = E750498B26131A6C0011E172 /* Products */;
			projectDirPath = "";
			projectRoot = "";
			targets = (
				E750498926131A6C0011E172 /* GoldPrice */,
			);
		};
/* End PBXProject section */

/* Begin PBXResourcesBuildPhase section */
		E750498826131A6C0011E172 /* Resources */ = {
			isa = PBXResourcesBuildPhase;
			buildActionMask = 2147483647;
			files = (
				E750499A26131A6D0011E172 /* LaunchScreen.storyboard in Resources */,
				E750499726131A6D0011E172 /* Assets.xcassets in Resources */,
			);
			runOnlyForDeploymentPostprocessing = 0;
		};
/* End PBXResourcesBuildPhase section */

/* Begin PBXSourcesBuildPhase section */
		E750498626131A6C0011E172 /* Sources */ = {
			isa = PBXSourcesBuildPhase;
			buildActionMask = 2147483647;
			files = (
				E75049F1261340D00011E172 /* GoldPrice.swift in Sources */,
				E750499226131A6C0011E172 /* ViewController.swift in Sources */,
				E750498E26131A6C0011E172 /* AppDelegate.swift in Sources */,
				E75049EC2613401B0011E172 /* APICaller.swift in Sources */,
				E750499026131A6C0011E172 /* SceneDelegate.swift in Sources */,
			);
			runOnlyForDeploymentPostprocessing = 0;
		};
/* End PBXSourcesBuildPhase section */

/* Begin PBXVariantGroup section */
		E750499826131A6D0011E172 /* LaunchScreen.storyboard */ = {
			isa = PBXVariantGroup;
			children = (
				E750499926131A6D0011E172 /* Base */,
			);
			name = LaunchScreen.storyboard;
			sourceTree = "<group>";
		};
/* End PBXVariantGroup section */

/* Begin XCBuildConfiguration section */
		E750499C26131A6D0011E172 /* Debug */ = {
			isa = XCBuildConfiguration;
			buildSettings = {
				ALWAYS_SEARCH_USER_PATHS = NO;
				CLANG_ANALYZER_NONNULL = YES;
				CLANG_ANALYZER_NUMBER_OBJECT_CONVERSION = YES_AGGRESSIVE;
				CLANG_CXX_LANGUAGE_STANDARD = "gnu++14";
				CLANG_CXX_LIBRARY = "libc++";
				CLANG_ENABLE_MODULES = YES;
				CLANG_ENABLE_OBJC_ARC = YES;
				CLANG_ENABLE_OBJC_WEAK = YES;
				CLANG_WARN_BLOCK_CAPTURE_AUTORELEASING = YES;
				CLANG_WARN_BOOL_CONVERSION = YES;
				CLANG_WARN_COMMA = YES;
				CLANG_WARN_CONSTANT_CONVERSION = YES;
				CLANG_WARN_DEPRECATED_OBJC_IMPLEMENTATIONS = YES;
				CLANG_WARN_DIRECT_OBJC_ISA_USAGE = YES_ERROR;
				CLANG_WARN_DOCUMENTATION_COMMENTS = YES;
				CLANG_WARN_EMPTY_BODY = YES;
				CLANG_WARN_ENUM_CONVERSION = YES;
				CLANG_WARN_INFINITE_RECURSION = YES;
				CLANG_WARN_INT_CONVERSION = YES;
				CLANG_WARN_NON_LITERAL_NULL_CONVERSION = YES;
				CLANG_WARN_OBJC_IMPLICIT_RETAIN_SELF = YES;
				CLANG_WARN_OBJC_LITERAL_CONVERSION = YES;
				CLANG_WARN_OBJC_ROOT_CLASS = YES_ERROR;
				CLANG_WARN_QUOTED_INCLUDE_IN_FRAMEWORK_HEADER = YES;
				CLANG_WARN_RANGE_LOOP_ANALYSIS = YES;
				CLANG_WARN_STRICT_PROTOTYPES = YES;
				CLANG_WARN_SUSPICIOUS_MOVE = YES;
				CLANG_WARN_UNGUARDED_AVAILABILITY = YES_AGGRESSIVE;
				CLANG_WARN_UNREACHABLE_CODE = YES;
				CLANG_WARN__DUPLICATE_METHOD_MATCH = YES;
				COPY_PHASE_STRIP = NO;
				DEBUG_INFORMATION_FORMAT = dwarf;
				ENABLE_STRICT_OBJC_MSGSEND = YES;
				ENABLE_TESTABILITY = YES;
				GCC_C_LANGUAGE_STANDARD = gnu11;
				GCC_DYNAMIC_NO_PIC = NO;
				GCC_NO_COMMON_BLOCKS = YES;
				GCC_OPTIMIZATION_LEVEL = 0;
				GCC_PREPROCESSOR_DEFINITIONS = (
					"DEBUG=1",
					"$(inherited)",
				);
				GCC_WARN_64_TO_32_BIT_CONVERSION = YES;
				GCC_WARN_ABOUT_RETURN_TYPE = YES_ERROR;
				GCC_WARN_UNDECLARED_SELECTOR = YES;
				GCC_WARN_UNINITIALIZED_AUTOS = YES_AGGRESSIVE;
				GCC_WARN_UNUSED_FUNCTION = YES;
				GCC_WARN_UNUSED_VARIABLE = YES;
				IPHONEOS_DEPLOYMENT_TARGET = 14.2;
				MTL_ENABLE_DEBUG_INFO = INCLUDE_SOURCE;
				MTL_FAST_MATH = YES;
				ONLY_ACTIVE_ARCH = YES;
				SDKROOT = iphoneos;
				SWIFT_ACTIVE_COMPILATION_CONDITIONS = DEBUG;
				SWIFT_OPTIMIZATION_LEVEL = "-Onone";
			};
			name = Debug;
		};
		E750499D26131A6D0011E172 /* Release */ = {
			isa = XCBuildConfiguration;
			buildSettings = {
				ALWAYS_SEARCH_USER_PATHS = NO;
				CLANG_ANALYZER_NONNULL = YES;
				CLANG_ANALYZER_NUMBER_OBJECT_CONVERSION = YES_AGGRESSIVE;
				CLANG_CXX_LANGUAGE_STANDARD = "gnu++14";
				CLANG_CXX_LIBRARY = "libc++";
				CLANG_ENABLE_MODULES = YES;
				CLANG_ENABLE_OBJC_ARC = YES;
				CLANG_ENABLE_OBJC_WEAK = YES;
				CLANG_WARN_BLOCK_CAPTURE_AUTORELEASING = YES;
				CLANG_WARN_BOOL_CONVERSION = YES;
				CLANG_WARN_COMMA = YES;
				CLANG_WARN_CONSTANT_CONVERSION = YES;
				CLANG_WARN_DEPRECATED_OBJC_IMPLEMENTATIONS = YES;
				CLANG_WARN_DIRECT_OBJC_ISA_USAGE = YES_ERROR;
				CLANG_WARN_DOCUMENTATION_COMMENTS = YES;
				CLANG_WARN_EMPTY_BODY = YES;
				CLANG_WARN_ENUM_CONVERSION = YES;
				CLANG_WARN_INFINITE_RECURSION = YES;
				CLANG_WARN_INT_CONVERSION = YES;
				CLANG_WARN_NON_LITERAL_NULL_CONVERSION = YES;
				CLANG_WARN_OBJC_IMPLICIT_RETAIN_SELF = YES;
				CLANG_WARN_OBJC_LITERAL_CONVERSION = YES;
				CLANG_WARN_OBJC_ROOT_CLASS = YES_ERROR;
				CLANG_WARN_QUOTED_INCLUDE_IN_FRAMEWORK_HEADER = YES;
				CLANG_WARN_RANGE_LOOP_ANALYSIS = YES;
				CLANG_WARN_STRICT_PROTOTYPES = YES;
				CLANG_WARN_SUSPICIOUS_MOVE = YES;
				CLANG_WARN_UNGUARDED_AVAILABILITY = YES_AGGRESSIVE;
				CLANG_WARN_UNREACHABLE_CODE = YES;
				CLANG_WARN__DUPLICATE_METHOD_MATCH = YES;
				COPY_PHASE_STRIP = NO;
				DEBUG_INFORMATION_FORMAT = "dwarf-with-dsym";
				ENABLE_NS_ASSERTIONS = NO;
				ENABLE_STRICT_OBJC_MSGSEND = YES;
				GCC_C_LANGUAGE_STANDARD = gnu11;
				GCC_NO_COMMON_BLOCKS = YES;
				GCC_WARN_64_TO_32_BIT_CONVERSION = YES;
				GCC_WARN_ABOUT_RETURN_TYPE = YES_ERROR;
				GCC_WARN_UNDECLARED_SELECTOR = YES;
				GCC_WARN_UNINITIALIZED_AUTOS = YES_AGGRESSIVE;
				GCC_WARN_UNUSED_FUNCTION = YES;
				GCC_WARN_UNUSED_VARIABLE = YES;
				IPHONEOS_DEPLOYMENT_TARGET = 14.2;
				MTL_ENABLE_DEBUG_INFO = NO;
				MTL_FAST_MATH = YES;
				SDKROOT = iphoneos;
				SWIFT_COMPILATION_MODE = wholemodule;
				SWIFT_OPTIMIZATION_LEVEL = "-O";
				VALIDATE_PRODUCT = YES;
			};
			name = Release;
		};
		E750499F26131A6D0011E172 /* Debug */ = {
			isa = XCBuildConfiguration;
			buildSettings = {
				ASSETCATALOG_COMPILER_APPICON_NAME = AppIcon;
				ASSETCATALOG_COMPILER_GLOBAL_ACCENT_COLOR_NAME = AccentColor;
				CODE_SIGN_STYLE = Automatic;
				INFOPLIST_FILE = GoldPrice/Info.plist;
				IPHONEOS_DEPLOYMENT_TARGET = 8.0;
				LD_RUNPATH_SEARCH_PATHS = (
					"$(inherited)",
					"@executable_path/Frameworks",
				);
				PRODUCT_BUNDLE_IDENTIFIER = HieuTong.GoldPrice;
				PRODUCT_NAME = "$(TARGET_NAME)";
				SWIFT_VERSION = 5.0;
				TARGETED_DEVICE_FAMILY = "1,2";
			};
			name = Debug;
		};
		E75049A026131A6D0011E172 /* Release */ = {
			isa = XCBuildConfiguration;
			buildSettings = {
				ASSETCATALOG_COMPILER_APPICON_NAME = AppIcon;
				ASSETCATALOG_COMPILER_GLOBAL_ACCENT_COLOR_NAME = AccentColor;
				CODE_SIGN_STYLE = Automatic;
				INFOPLIST_FILE = GoldPrice/Info.plist;
				IPHONEOS_DEPLOYMENT_TARGET = 8.0;
				LD_RUNPATH_SEARCH_PATHS = (
					"$(inherited)",
					"@executable_path/Frameworks",
				);
				PRODUCT_BUNDLE_IDENTIFIER = HieuTong.GoldPrice;
				PRODUCT_NAME = "$(TARGET_NAME)";
				SWIFT_VERSION = 5.0;
				TARGETED_DEVICE_FAMILY = "1,2";
			};
			name = Release;
		};
/* End XCBuildConfiguration section */

/* Begin XCConfigurationList section */
		E750498526131A6C0011E172 /* Build configuration list for PBXProject "GoldPrice" */ = {
			isa = XCConfigurationList;
			buildConfigurations = (
				E750499C26131A6D0011E172 /* Debug */,
				E750499D26131A6D0011E172 /* Release */,
			);
			defaultConfigurationIsVisible = 0;
			defaultConfigurationName = Release;
		};
		E750499E26131A6D0011E172 /* Build configuration list for PBXNativeTarget "GoldPrice" */ = {
			isa = XCConfigurationList;
			buildConfigurations = (
				E750499F26131A6D0011E172 /* Debug */,
				E75049A026131A6D0011E172 /* Release */,
			);
			defaultConfigurationIsVisible = 0;
			defaultConfigurationName = Release;
		};
/* End XCConfigurationList section */
	};
	rootObject = E750498226131A6C0011E172 /* Project object */;
}
